github.com/DanielHauge/ge-go-sdl2 v0.0.0-20220608043733-ef6e8850e828 h1:YbXcU1B4Nhr66JzyW1PSAjt5aj5XDPHIJ5o8/fefXhk=
github.com/DanielHauge/ge-go-sdl2 v0.0.0-20220608043733-ef6e8850e828/go.mod h1:8N182t5C/M92488VkCQrtUgBYzIFg3f3ZZ9JJKpQ5Ik=
github.com/DanielHauge/ge-go-sdl2 v0.0.0-20220608053336-3d3afdf2d501 h1:Ean9y7taB69DloPtWoKvc7OirbJjBa0m7kNN0to17us=
github.com/DanielHauge/ge-go-sdl2 v0.0.0-20220608053336-3d3afdf2d501/go.mod h1:8N182t5C/M92488VkCQrtUgBYzIFg3f3ZZ9JJKpQ5Ik=
github.com/DanielHauge/ge-go-sdl2 v0.0.0-20220608054804-575b5b40ae6e h1:i4GSIgAV1JwzrYncb1+uYi9dszNBLvbxO4UgyD5gLdw=
github.com/DanielHauge/ge-go-sdl2 v0.0.0-20220608054804-575b5b40ae6e/go.mod h1:8N182t5C/M92488VkCQrtUgBYzIFg3f3ZZ9JJKpQ5Ik=
github.com/DanielHauge/ge-go-sdl2 v0.0.0-20220608092002-21656c2b26a8 h1:yrRAgajZp2vaDgn8TtoYMWaslR4HUpwRdn5tQz1Wdag=
github.com/DanielHauge/ge-go-sdl2 v0.0.0-20220608092002-21656c2b26a8/go.mod h1:8N182t5C/M92488VkCQrtUgBYzIFg3f3ZZ9JJKpQ5Ik=
github.com/DanielHauge/ge-go-sdl2 v0.0.0-20220608095253-e394745df920 h1:9Y1gIS8Mc159ydwb2/5JXwX8o7gb8i85Dm/L/fP3ST4=
github.com/DanielHauge/ge-go-sdl2 v0.0.0-20220608095253-e394745df920/go.mod h1:8N182t5C/M92488VkCQrtUgBYzIFg3f3ZZ9JJKpQ5Ik=
github.com/DanielHauge/ge-go-sdl2 v0.0.0-20220608103132-e641e6cad974 h1:nmLdyisLHUoeT/XUMfPXHcvG0II0FLfsJmnzebIZ/5I=
github.com/DanielHauge/ge-go-sdl2 v0.0.0-20220608103132-e641e6cad974/go.mod h1:8N182t5C/M92488VkCQrtUgBYzIFg3f3ZZ9JJKpQ5Ik=
github.com/DanielHauge/ge-go-sdl2 v0.0.0-20220608105204-ab80eefb76ae h1:aDEutyhomDdtIt3QhfLasVG2gkPBj7Q+WtQlBKU4q0w=
github.com/DanielHauge/ge-go-sdl2 v0.0.0-20220608105204-ab80eefb76ae/go.mod h1:8N182t5C/M92488VkCQrtUgBYzIFg3f3ZZ9JJKpQ5Ik=
github.com/DanielHauge/ge-go-sdl2 v0.0.0-20220608110837-237353c61e76 h1:DglQOc3nsU4zEXIDFNu9LO1MbfrinjU2Na/BLApJU8w=
github.com/DanielHauge/ge-go-sdl2 v0.0.0-20220608110837-237353c61e76/go.mod h1:8N182t5C/M92488VkCQrtUgBYzIFg3f3ZZ9JJKpQ5Ik=
github.com/veandco/go-sdl2 v0.4.21 h1:85AtFYv3vSPZvyOOxkJ03sHoJe8ESjPSZLr0KueQtVY=
github.com/veandco/go-sdl2 v0.4.21/go.mod h1:OROqMhHD43nT4/i9crJukyVecjPNYYuCofep6SNiAjY=
